
Microsoft Visual Studio Solution File, Format Version 12.00
# Visual Studio 14
VisualStudioVersion = 14.0.25420.1
MinimumVisualStudioVersion = 10.0.40219.1
Project("{FAE04EC0-301F-11D3-BF4B-00C04F79EFBC}") = "MushroomCount", "..\JuniorMind2ndProblem\MushroomCount\MushroomCount.csproj", "{C5A2ED08-B365-4FDE-A974-4F2173F479A9}"
EndProject
Project("{FAE04EC0-301F-11D3-BF4B-00C04F79EFBC}") = "TwoTrainsAndABird", "..\TwoTrainsAndABird\TwoTrainsAndABird.csproj", "{C1964D13-8319-4001-AC6C-296964DF4BD1}"
EndProject
Global
	GlobalSection(SolutionConfigurationPlatforms) = preSolution
		Debug|Any CPU = Debug|Any CPU
		Release|Any CPU = Release|Any CPU
	EndGlobalSection
	GlobalSection(ProjectConfigurationPlatforms) = postSolution
		{C5A2ED08-B365-4FDE-A974-4F2173F479A9}.Debug|Any CPU.ActiveCfg = Debug|Any CPU
		{C5A2ED08-B365-4FDE-A974-4F2173F479A9}.Debug|Any CPU.Build.0 = Debug|Any CPU
		{C5A2ED08-B365-4FDE-A974-4F2173F479A9}.Release|Any CPU.ActiveCfg = Release|Any CPU
		{C5A2ED08-B365-4FDE-A974-4F2173F479A9}.Release|Any CPU.Build.0 = Release|Any CPU
		{C1964D13-8319-4001-AC6C-296964DF4BD1}.Debug|Any CPU.ActiveCfg = Debug|Any CPU
		{C1964D13-8319-4001-AC6C-296964DF4BD1}.Debug|Any CPU.Build.0 = Debug|Any CPU
		{C1964D13-8319-4001-AC6C-296964DF4BD1}.Release|Any CPU.ActiveCfg = Release|Any CPU
		{C1964D13-8319-4001-AC6C-296964DF4BD1}.Release|Any CPU.Build.0 = Release|Any CPU
	EndGlobalSection
	GlobalSection(SolutionProperties) = preSolution
		HideSolutionNode = FALSE
	EndGlobalSection
EndGlobal
